// !$*UTF8*$!
{
	archiveVersion = 1;
	classes = {
	};
	objectVersion = 55;
	objects = {

/* Begin PBXBuildFile section */
		9B30E9FD282A83CE00553316 /* AppDelegate.swift in Sources */ = {isa = PBXBuildFile; fileRef = 9B30E9FC282A83CE00553316 /* AppDelegate.swift */; };
		9B30E9FF282A83CE00553316 /* SceneDelegate.swift in Sources */ = {isa = PBXBuildFile; fileRef = 9B30E9FE282A83CE00553316 /* SceneDelegate.swift */; };
		9B30EA01282A83CE00553316 /* ViewController.swift in Sources */ = {isa = PBXBuildFile; fileRef = 9B30EA00282A83CE00553316 /* ViewController.swift */; };
		9B30EA04282A83CE00553316 /* Main.storyboard in Resources */ = {isa = PBXBuildFile; fileRef = 9B30EA02282A83CE00553316 /* Main.storyboard */; };
		9B30EA06282A83D000553316 /* Assets.xcassets in Resources */ = {isa = PBXBuildFile; fileRef = 9B30EA05282A83D000553316 /* Assets.xcassets */; };
		9B30EA09282A83D000553316 /* LaunchScreen.storyboard in Resources */ = {isa = PBXBuildFile; fileRef = 9B30EA07282A83D000553316 /* LaunchScreen.storyboard */; };
		9B30EA12282A845800553316 /* CustomCell.swift in Sources */ = {isa = PBXBuildFile; fileRef = 9B30EA10282A845800553316 /* CustomCell.swift */; };
		9B30EA13282A845800553316 /* CustomCell.xib in Resources */ = {isa = PBXBuildFile; fileRef = 9B30EA11282A845800553316 /* CustomCell.xib */; };
		9B30EA15282A88E700553316 /* Product.swift in Sources */ = {isa = PBXBuildFile; fileRef = 9B30EA14282A88E700553316 /* Product.swift */; };
		9B30EA18282A891E00553316 /* BirthdayWishlist.swift in Sources */ = {isa = PBXBuildFile; fileRef = 9B30EA17282A891E00553316 /* BirthdayWishlist.swift */; };
		9B30EA1A282A895A00553316 /* Int Helper.swift in Sources */ = {isa = PBXBuildFile; fileRef = 9B30EA19282A895A00553316 /* Int Helper.swift */; };
/* End PBXBuildFile section */

/* Begin PBXFileReference section */
		9B30E9F9282A83CE00553316 /* Custom Cell with XIB.app */ = {isa = PBXFileReference; explicitFileType = wrapper.application; includeInIndex = 0; path = "Custom Cell with XIB.app"; sourceTree = BUILT_PRODUCTS_DIR; };
		9B30E9FC282A83CE00553316 /* AppDelegate.swift */ = {isa = PBXFileReference; lastKnownFileType = sourcecode.swift; path = AppDelegate.swift; sourceTree = "<group>"; };
		9B30E9FE282A83CE00553316 /* SceneDelegate.swift */ = {isa = PBXFileReference; lastKnownFileType = sourcecode.swift; path = SceneDelegate.swift; sourceTree = "<group>"; };
		9B30EA00282A83CE00553316 /* ViewController.swift */ = {isa = PBXFileReference; lastKnownFileType = sourcecode.swift; path = ViewController.swift; sourceTree = "<group>"; };
		9B30EA03282A83CE00553316 /* Base */ = {isa = PBXFileReference; lastKnownFileType = file.storyboard; name = Base; path = Base.lproj/Main.storyboard; sourceTree = "<group>"; };
		9B30EA05282A83D000553316 /* Assets.xcassets */ = {isa = PBXFileReference; lastKnownFileType = folder.assetcatalog; path = Assets.xcassets; sourceTree = "<group>"; };
		9B30EA08282A83D000553316 /* Base */ = {isa = PBXFileReference; lastKnownFileType = file.storyboard; name = Base; path = Base.lproj/LaunchScreen.storyboard; sourceTree = "<group>"; };
		9B30EA0A282A83D000553316 /* Info.plist */ = {isa = PBXFileReference; lastKnownFileType = text.plist.xml; path = Info.plist; sourceTree = "<group>"; };
		9B30EA10282A845800553316 /* CustomCell.swift */ = {isa = PBXFileReference; lastKnownFileType = sourcecode.swift; path = CustomCell.swift; sourceTree = "<group>"; };
		9B30EA11282A845800553316 /* CustomCell.xib */ = {isa = PBXFileReference; lastKnownFileType = file.xib; path = CustomCell.xib; sourceTree = "<group>"; };
		9B30EA14282A88E700553316 /* Product.swift */ = {isa = PBXFileReference; lastKnownFileType = sourcecode.swift; path = Product.swift; sourceTree = "<group>"; };
		9B30EA17282A891E00553316 /* BirthdayWishlist.swift */ = {isa = PBXFileReference; lastKnownFileType = sourcecode.swift; name = BirthdayWishlist.swift; path = "Custom Cell with XIB/BirthdayWishlist.swift"; sourceTree = SOURCE_ROOT; };
		9B30EA19282A895A00553316 /* Int Helper.swift */ = {isa = PBXFileReference; lastKnownFileType = sourcecode.swift; path = "Int Helper.swift"; sourceTree = "<group>"; };
/* End PBXFileReference section */

/* Begin PBXFrameworksBuildPhase section */
		9B30E9F6282A83CE00553316 /* Frameworks */ = {
			isa = PBXFrameworksBuildPhase;
			buildActionMask = 2147483647;
			files = (
			);
			runOnlyForDeploymentPostprocessing = 0;
		};
/* End PBXFrameworksBuildPhase section */

/* Begin PBXGroup section */
		9B30E9F0282A83CE00553316 = {
			isa = PBXGroup;
			children = (
				9B30E9FB282A83CE00553316 /* Custom Cell with XIB */,
				9B30E9FA282A83CE00553316 /* Products */,
			);
			sourceTree = "<group>";
		};
		9B30E9FA282A83CE00553316 /* Products */ = {
			isa = PBXGroup;
			children = (
				9B30E9F9282A83CE00553316 /* Custom Cell with XIB.app */,
			);
			name = Products;
			sourceTree = "<group>";
		};
		9B30E9FB282A83CE00553316 /* Custom Cell with XIB */ = {
			isa = PBXGroup;
			children = (
				9B30E9FC282A83CE00553316 /* AppDelegate.swift */,
				9B30E9FE282A83CE00553316 /* SceneDelegate.swift */,
				9B30EA00282A83CE00553316 /* ViewController.swift */,
				9B30EA02282A83CE00553316 /* Main.storyboard */,
				9B30EA10282A845800553316 /* CustomCell.swift */,
				9B30EA11282A845800553316 /* CustomCell.xib */,
				9B30EA1B282A895D00553316 /* Helper */,
				9B30EA16282A88ED00553316 /* Models */,
				9B30EA05282A83D000553316 /* Assets.xcassets */,
				9B30EA07282A83D000553316 /* LaunchScreen.storyboard */,
				9B30EA0A282A83D000553316 /* Info.plist */,
			);
			path = "Custom Cell with XIB";
			sourceTree = "<group>";
		};
		9B30EA16282A88ED00553316 /* Models */ = {
			isa = PBXGroup;
			children = (
				9B30EA17282A891E00553316 /* BirthdayWishlist.swift */,
				9B30EA14282A88E700553316 /* Product.swift */,
			);
			path = Models;
			sourceTree = "<group>";
		};
		9B30EA1B282A895D00553316 /* Helper */ = {
			isa = PBXGroup;
			children = (
				9B30EA19282A895A00553316 /* Int Helper.swift */,
			);
			path = Helper;
			sourceTree = "<group>";
		};
/* End PBXGroup section */

/* Begin PBXNativeTarget section */
		9B30E9F8282A83CE00553316 /* Custom Cell with XIB */ = {
			isa = PBXNativeTarget;
			buildConfigurationList = 9B30EA0D282A83D000553316 /* Build configuration list for PBXNativeTarget "Custom Cell with XIB" */;
			buildPhases = (
				9B30E9F5282A83CE00553316 /* Sources */,
				9B30E9F6282A83CE00553316 /* Frameworks */,
				9B30E9F7282A83CE00553316 /* Resources */,
			);
			buildRules = (
			);
			dependencies = (
			);
			name = "Custom Cell with XIB";
			productName = "Custom Cell with XIB";
			productReference = 9B30E9F9282A83CE00553316 /* Custom Cell with XIB.app */;
			productType = "com.apple.product-type.application";
		};
/* End PBXNativeTarget section */

/* Begin PBXProject section */
		9B30E9F1282A83CE00553316 /* Project object */ = {
			isa = PBXProject;
			attributes = {
				BuildIndependentTargetsInParallel = 1;
				LastSwiftUpdateCheck = 1330;
				LastUpgradeCheck = 1330;
				TargetAttributes = {
					9B30E9F8282A83CE00553316 = {
						CreatedOnToolsVersion = 13.3;
					};
				};
			};
			buildConfigurationList = 9B30E9F4282A83CE00553316 /* Build configuration list for PBXProject "Custom Cell with XIB" */;
			compatibilityVersion = "Xcode 13.0";
			developmentRegion = en;
			hasScannedForEncodings = 0;
			knownRegions = (
				en,
				Base,
			);
			mainGroup = 9B30E9F0282A83CE00553316;
			productRefGroup = 9B30E9FA282A83CE00553316 /* Products */;
			projectDirPath = "";
			projectRoot = "";
			targets = (
				9B30E9F8282A83CE00553316 /* Custom Cell with XIB */,
			);
		};
/* End PBXProject section */

/* Begin PBXResourcesBuildPhase section */
		9B30E9F7282A83CE00553316 /* Resources */ = {
			isa = PBXResourcesBuildPhase;
			buildActionMask = 2147483647;
			files = (
				9B30EA09282A83D000553316 /* LaunchScreen.storyboard in Resources */,
				9B30EA06282A83D000553316 /* Assets.xcassets in Resources */,
				9B30EA13282A845800553316 /* CustomCell.xib in Resources */,
				9B30EA04282A83CE00553316 /* Main.storyboard in Resources */,
			);
			runOnlyForDeploymentPostprocessing = 0;
		};
/* End PBXResourcesBuildPhase section */

/* Begin PBXSourcesBuildPhase section */
		9B30E9F5282A83CE00553316 /* Sources */ = {
			isa = PBXSourcesBuildPhase;
			buildActionMask = 2147483647;
			files = (
				9B30EA01282A83CE00553316 /* ViewController.swift in Sources */,
				9B30E9FD282A83CE00553316 /* AppDelegate.swift in Sources */,
				9B30EA15282A88E700553316 /* Product.swift in Sources */,
				9B30EA12282A845800553316 /* CustomCell.swift in Sources */,
				9B30E9FF282A83CE00553316 /* SceneDelegate.swift in Sources */,
				9B30EA18282A891E00553316 /* BirthdayWishlist.swift in Sources */,
				9B30EA1A282A895A00553316 /* Int Helper.swift in Sources */,
			);
			runOnlyForDeploymentPostprocessing = 0;
		};
/* End PBXSourcesBuildPhase section */

/* Begin PBXVariantGroup section */
		9B30EA02282A83CE00553316 /* Main.storyboard */ = {
			isa = PBXVariantGroup;
			children = (
				9B30EA03282A83CE00553316 /* Base */,
			);
			name = Main.storyboard;
			sourceTree = "<group>";
		};
		9B30EA07282A83D000553316 /* LaunchScreen.storyboard */ = {
			isa = PBXVariantGroup;
			children = (
				9B30EA08282A83D000553316 /* Base */,
			);
			name = LaunchScreen.storyboard;
			sourceTree = "<group>";
		};
/* End PBXVariantGroup section */

/* Begin XCBuildConfiguration section */
		9B30EA0B282A83D000553316 /* Debug */ = {
			isa = XCBuildConfiguration;
			buildSettings = {
				ALWAYS_SEARCH_USER_PATHS = NO;
				CLANG_ANALYZER_NONNULL = YES;
				CLANG_ANALYZER_NUMBER_OBJECT_CONVERSION = YES_AGGRESSIVE;
				CLANG_CXX_LANGUAGE_STANDARD = "gnu++17";
				CLANG_ENABLE_MODULES = YES;
				CLANG_ENABLE_OBJC_ARC = YES;
				CLANG_ENABLE_OBJC_WEAK = YES;
				CLANG_WARN_BLOCK_CAPTURE_AUTORELEASING = YES;
				CLANG_WARN_BOOL_CONVERSION = YES;
				CLANG_WARN_COMMA = YES;
				CLANG_WARN_CONSTANT_CONVERSION = YES;
				CLANG_WARN_DEPRECATED_OBJC_IMPLEMENTATIONS = YES;
				CLANG_WARN_DIRECT_OBJC_ISA_USAGE = YES_ERROR;
				CLANG_WARN_DOCUMENTATION_COMMENTS = YES;
				CLANG_WARN_EMPTY_BODY = YES;
				CLANG_WARN_ENUM_CONVERSION = YES;
				CLANG_WARN_INFINITE_RECURSION = YES;
				CLANG_WARN_INT_CONVERSION = YES;
				CLANG_WARN_NON_LITERAL_NULL_CONVERSION = YES;
				CLANG_WARN_OBJC_IMPLICIT_RETAIN_SELF = YES;
				CLANG_WARN_OBJC_LITERAL_CONVERSION = YES;
				CLANG_WARN_OBJC_ROOT_CLASS = YES_ERROR;
				CLANG_WARN_QUOTED_INCLUDE_IN_FRAMEWORK_HEADER = YES;
				CLANG_WARN_RANGE_LOOP_ANALYSIS = YES;
				CLANG_WARN_STRICT_PROTOTYPES = YES;
				CLANG_WARN_SUSPICIOUS_MOVE = YES;
				CLANG_WARN_UNGUARDED_AVAILABILITY = YES_AGGRESSIVE;
				CLANG_WARN_UNREACHABLE_CODE = YES;
				CLANG_WARN__DUPLICATE_METHOD_MATCH = YES;
				COPY_PHASE_STRIP = NO;
				DEBUG_INFORMATION_FORMAT = dwarf;
				ENABLE_STRICT_OBJC_MSGSEND = YES;
				ENABLE_TESTABILITY = YES;
				GCC_C_LANGUAGE_STANDARD = gnu11;
				GCC_DYNAMIC_NO_PIC = NO;
				GCC_NO_COMMON_BLOCKS = YES;
				GCC_OPTIMIZATION_LEVEL = 0;
				GCC_PREPROCESSOR_DEFINITIONS = (
					"DEBUG=1",
					"$(inherited)",
				);
				GCC_WARN_64_TO_32_BIT_CONVERSION = YES;
				GCC_WARN_ABOUT_RETURN_TYPE = YES_ERROR;
				GCC_WARN_UNDECLARED_SELECTOR = YES;
				GCC_WARN_UNINITIALIZED_AUTOS = YES_AGGRESSIVE;
				GCC_WARN_UNUSED_FUNCTION = YES;
				GCC_WARN_UNUSED_VARIABLE = YES;
				IPHONEOS_DEPLOYMENT_TARGET = 15.4;
				MTL_ENABLE_DEBUG_INFO = INCLUDE_SOURCE;
				MTL_FAST_MATH = YES;
				ONLY_ACTIVE_ARCH = YES;
				SDKROOT = iphoneos;
				SWIFT_ACTIVE_COMPILATION_CONDITIONS = DEBUG;
				SWIFT_OPTIMIZATION_LEVEL = "-Onone";
			};
			name = Debug;
		};
		9B30EA0C282A83D000553316 /* Release */ = {
			isa = XCBuildConfiguration;
			buildSettings = {
				ALWAYS_SEARCH_USER_PATHS = NO;
				CLANG_ANALYZER_NONNULL = YES;
				CLANG_ANALYZER_NUMBER_OBJECT_CONVERSION = YES_AGGRESSIVE;
				CLANG_CXX_LANGUAGE_STANDARD = "gnu++17";
				CLANG_ENABLE_MODULES = YES;
				CLANG_ENABLE_OBJC_ARC = YES;
				CLANG_ENABLE_OBJC_WEAK = YES;
				CLANG_WARN_BLOCK_CAPTURE_AUTORELEASING = YES;
				CLANG_WARN_BOOL_CONVERSION = YES;
				CLANG_WARN_COMMA = YES;
				CLANG_WARN_CONSTANT_CONVERSION = YES;
				CLANG_WARN_DEPRECATED_OBJC_IMPLEMENTATIONS = YES;
				CLANG_WARN_DIRECT_OBJC_ISA_USAGE = YES_ERROR;
				CLANG_WARN_DOCUMENTATION_COMMENTS = YES;
				CLANG_WARN_EMPTY_BODY = YES;
				CLANG_WARN_ENUM_CONVERSION = YES;
				CLANG_WARN_INFINITE_RECURSION = YES;
				CLANG_WARN_INT_CONVERSION = YES;
				CLANG_WARN_NON_LITERAL_NULL_CONVERSION = YES;
				CLANG_WARN_OBJC_IMPLICIT_RETAIN_SELF = YES;
				CLANG_WARN_OBJC_LITERAL_CONVERSION = YES;
				CLANG_WARN_OBJC_ROOT_CLASS = YES_ERROR;
				CLANG_WARN_QUOTED_INCLUDE_IN_FRAMEWORK_HEADER = YES;
				CLANG_WARN_RANGE_LOOP_ANALYSIS = YES;
				CLANG_WARN_STRICT_PROTOTYPES = YES;
				CLANG_WARN_SUSPICIOUS_MOVE = YES;
				CLANG_WARN_UNGUARDED_AVAILABILITY = YES_AGGRESSIVE;
				CLANG_WARN_UNREACHABLE_CODE = YES;
				CLANG_WARN__DUPLICATE_METHOD_MATCH = YES;
				COPY_PHASE_STRIP = NO;
				DEBUG_INFORMATION_FORMAT = "dwarf-with-dsym";
				ENABLE_NS_ASSERTIONS = NO;
				ENABLE_STRICT_OBJC_MSGSEND = YES;
				GCC_C_LANGUAGE_STANDARD = gnu11;
				GCC_NO_COMMON_BLOCKS = YES;
				GCC_WARN_64_TO_32_BIT_CONVERSION = YES;
				GCC_WARN_ABOUT_RETURN_TYPE = YES_ERROR;
				GCC_WARN_UNDECLARED_SELECTOR = YES;
				GCC_WARN_UNINITIALIZED_AUTOS = YES_AGGRESSIVE;
				GCC_WARN_UNUSED_FUNCTION = YES;
				GCC_WARN_UNUSED_VARIABLE = YES;
				IPHONEOS_DEPLOYMENT_TARGET = 15.4;
				MTL_ENABLE_DEBUG_INFO = NO;
				MTL_FAST_MATH = YES;
				SDKROOT = iphoneos;
				SWIFT_COMPILATION_MODE = wholemodule;
				SWIFT_OPTIMIZATION_LEVEL = "-O";
				VALIDATE_PRODUCT = YES;
			};
			name = Release;
		};
		9B30EA0E282A83D000553316 /* Debug */ = {
			isa = XCBuildConfiguration;
			buildSettings = {
				ASSETCATALOG_COMPILER_APPICON_NAME = AppIcon;
				ASSETCATALOG_COMPILER_GLOBAL_ACCENT_COLOR_NAME = AccentColor;
				CODE_SIGN_STYLE = Automatic;
				CURRENT_PROJECT_VERSION = 1;
				DEVELOPMENT_TEAM = UBL58M6675;
				GENERATE_INFOPLIST_FILE = YES;
				INFOPLIST_FILE = "Custom Cell with XIB/Info.plist";
				INFOPLIST_KEY_UIApplicationSupportsIndirectInputEvents = YES;
				INFOPLIST_KEY_UILaunchStoryboardName = LaunchScreen;
				INFOPLIST_KEY_UIMainStoryboardFile = Main;
				INFOPLIST_KEY_UISupportedInterfaceOrientations_iPad = "UIInterfaceOrientationPortrait UIInterfaceOrientationPortraitUpsideDown UIInterfaceOrientationLandscapeLeft UIInterfaceOrientationLandscapeRight";
				INFOPLIST_KEY_UISupportedInterfaceOrientations_iPhone = "UIInterfaceOrientationPortrait UIInterfaceOrientationLandscapeLeft UIInterfaceOrientationLandscapeRight";
				LD_RUNPATH_SEARCH_PATHS = (
					"$(inherited)",
					"@executable_path/Frameworks",
				);
				MARKETING_VERSION = 1.0;
				PRODUCT_BUNDLE_IDENTIFIER = "com.afinarv.Custom-Cell-with-XIB";
				PRODUCT_NAME = "$(TARGET_NAME)";
				SWIFT_EMIT_LOC_STRINGS = YES;
				SWIFT_VERSION = 5.0;
				TARGETED_DEVICE_FAMILY = "1,2";
			};
			name = Debug;
		};
		9B30EA0F282A83D000553316 /* Release */ = {
			isa = XCBuildConfiguration;
			buildSettings = {
				ASSETCATALOG_COMPILER_APPICON_NAME = AppIcon;
				ASSETCATALOG_COMPILER_GLOBAL_ACCENT_COLOR_NAME = AccentColor;
				CODE_SIGN_STYLE = Automatic;
				CURRENT_PROJECT_VERSION = 1;
				DEVELOPMENT_TEAM = UBL58M6675;
				GENERATE_INFOPLIST_FILE = YES;
				INFOPLIST_FILE = "Custom Cell with XIB/Info.plist";
				INFOPLIST_KEY_UIApplicationSupportsIndirectInputEvents = YES;
				INFOPLIST_KEY_UILaunchStoryboardName = LaunchScreen;
				INFOPLIST_KEY_UIMainStoryboardFile = Main;
				INFOPLIST_KEY_UISupportedInterfaceOrientations_iPad = "UIInterfaceOrientationPortrait UIInterfaceOrientationPortraitUpsideDown UIInterfaceOrientationLandscapeLeft UIInterfaceOrientationLandscapeRight";
				INFOPLIST_KEY_UISupportedInterfaceOrientations_iPhone = "UIInterfaceOrientationPortrait UIInterfaceOrientationLandscapeLeft UIInterfaceOrientationLandscapeRight";
				LD_RUNPATH_SEARCH_PATHS = (
					"$(inherited)",
					"@executable_path/Frameworks",
				);
				MARKETING_VERSION = 1.0;
				PRODUCT_BUNDLE_IDENTIFIER = "com.afinarv.Custom-Cell-with-XIB";
				PRODUCT_NAME = "$(TARGET_NAME)";
				SWIFT_EMIT_LOC_STRINGS = YES;
				SWIFT_VERSION = 5.0;
				TARGETED_DEVICE_FAMILY = "1,2";
			};
			name = Release;
		};
/* End XCBuildConfiguration section */

/* Begin XCConfigurationList section */
		9B30E9F4282A83CE00553316 /* Build configuration list for PBXProject "Custom Cell with XIB" */ = {
			isa = XCConfigurationList;
			buildConfigurations = (
				9B30EA0B282A83D000553316 /* Debug */,
				9B30EA0C282A83D000553316 /* Release */,
			);
			defaultConfigurationIsVisible = 0;
			defaultConfigurationName = Release;
		};
		9B30EA0D282A83D000553316 /* Build configuration list for PBXNativeTarget "Custom Cell with XIB" */ = {
			isa = XCConfigurationList;
			buildConfigurations = (
				9B30EA0E282A83D000553316 /* Debug */,
				9B30EA0F282A83D000553316 /* Release */,
			);
			defaultConfigurationIsVisible = 0;
			defaultConfigurationName = Release;
		};
/* End XCConfigurationList section */
	};
	rootObject = 9B30E9F1282A83CE00553316 /* Project object */;
}
